
Microsoft Visual Studio Solution File, Format Version 12.00
# Visual Studio Version 17
VisualStudioVersion = 17.13.35931.197
MinimumVisualStudioVersion = 10.0.40219.1
Project("{8BC9CEB8-8B4A-11D0-8D11-00A0C91BC942}") = "chat_app_demo", "chat_app_demo.vcxproj", "{B0408C9C-8484-F60A-105D-59AA8CBC50BE}"
EndProject
Global
	GlobalSection(SolutionConfigurationPlatforms) = preSolution
		Debug|x64 = Debug|x64
		Debug|x86 = Debug|x86
		Release|x64 = Release|x64
		Release|x86 = Release|x86
	EndGlobalSection
	GlobalSection(ProjectConfigurationPlatforms) = postSolution
		{B0408C9C-8484-F60A-105D-59AA8CBC50BE}.Debug|x64.ActiveCfg = Debug|x64
		{B0408C9C-8484-F60A-105D-59AA8CBC50BE}.Debug|x64.Build.0 = Debug|x64
		{B0408C9C-8484-F60A-105D-59AA8CBC50BE}.Debug|x86.ActiveCfg = Debug|Win32
		{B0408C9C-8484-F60A-105D-59AA8CBC50BE}.Debug|x86.Build.0 = Debug|Win32
		{B0408C9C-8484-F60A-105D-59AA8CBC50BE}.Release|x64.ActiveCfg = Release|x64
		{B0408C9C-8484-F60A-105D-59AA8CBC50BE}.Release|x64.Build.0 = Release|x64
		{B0408C9C-8484-F60A-105D-59AA8CBC50BE}.Release|x86.ActiveCfg = Release|Win32
		{B0408C9C-8484-F60A-105D-59AA8CBC50BE}.Release|x86.Build.0 = Release|Win32
	EndGlobalSection
	GlobalSection(SolutionProperties) = preSolution
		HideSolutionNode = FALSE
	EndGlobalSection
	GlobalSection(ExtensibilityGlobals) = postSolution
		SolutionGuid = {B16AFF19-197B-4BFB-95E7-EDEEAEE01F53}
	EndGlobalSection
EndGlobal
